
Microsoft Visual Studio Solution File, Format Version 12.00
# Visual Studio 15
VisualStudioVersion = 15.0.26730.16
MinimumVisualStudioVersion = 10.0.40219.1
Project("{FAE04EC0-301F-11D3-BF4B-00C04F79EFBC}") = "HM_Interface_Visu", "HM_Interface_Visu\HM_Interface_Visu.csproj", "{147AC8C6-37B8-4A84-81CE-348170E6611A}"
EndProject
Project("{FAE04EC0-301F-11D3-BF4B-00C04F79EFBC}") = "CameraControll", "CameraControll\CameraControll.csproj", "{CAC50BEE-1209-43F2-A302-D46614DA757C}"
EndProject
Project("{FAE04EC0-301F-11D3-BF4B-00C04F79EFBC}") = "CamerTesterClient", "CamerTesterClient\CamerTesterClient.csproj", "{5EA29EA8-3475-43DD-9A82-A4469950982F}"
EndProject
Global
	GlobalSection(SolutionConfigurationPlatforms) = preSolution
		Debug|Any CPU = Debug|Any CPU
		Release|Any CPU = Release|Any CPU
	EndGlobalSection
	GlobalSection(ProjectConfigurationPlatforms) = postSolution
		{147AC8C6-37B8-4A84-81CE-348170E6611A}.Debug|Any CPU.ActiveCfg = Debug|Any CPU
		{147AC8C6-37B8-4A84-81CE-348170E6611A}.Debug|Any CPU.Build.0 = Debug|Any CPU
		{147AC8C6-37B8-4A84-81CE-348170E6611A}.Release|Any CPU.ActiveCfg = Release|Any CPU
		{147AC8C6-37B8-4A84-81CE-348170E6611A}.Release|Any CPU.Build.0 = Release|Any CPU
		{CAC50BEE-1209-43F2-A302-D46614DA757C}.Debug|Any CPU.ActiveCfg = Debug|Any CPU
		{CAC50BEE-1209-43F2-A302-D46614DA757C}.Debug|Any CPU.Build.0 = Debug|Any CPU
		{CAC50BEE-1209-43F2-A302-D46614DA757C}.Release|Any CPU.ActiveCfg = Release|Any CPU
		{CAC50BEE-1209-43F2-A302-D46614DA757C}.Release|Any CPU.Build.0 = Release|Any CPU
		{5EA29EA8-3475-43DD-9A82-A4469950982F}.Debug|Any CPU.ActiveCfg = Debug|Any CPU
		{5EA29EA8-3475-43DD-9A82-A4469950982F}.Debug|Any CPU.Build.0 = Debug|Any CPU
		{5EA29EA8-3475-43DD-9A82-A4469950982F}.Release|Any CPU.ActiveCfg = Release|Any CPU
		{5EA29EA8-3475-43DD-9A82-A4469950982F}.Release|Any CPU.Build.0 = Release|Any CPU
	EndGlobalSection
	GlobalSection(SolutionProperties) = preSolution
		HideSolutionNode = FALSE
	EndGlobalSection
	GlobalSection(ExtensibilityGlobals) = postSolution
		SolutionGuid = {86A0FF93-4439-414D-B628-984C82AD35A4}
	EndGlobalSection
EndGlobal
